// !$*UTF8*$!
{
	archiveVersion = 1;
	classes = {
	};
	objectVersion = 50;
	objects = {

/* Begin PBXFileReference section */
		471F677025D998100024F40E /* LinuxMain.swift */ = {isa = PBXFileReference; lastKnownFileType = sourcecode.swift; path = LinuxMain.swift; sourceTree = "<group>"; };
		471F677225D998100024F40E /* GKPlaygroundTests.swift */ = {isa = PBXFileReference; lastKnownFileType = sourcecode.swift; path = GKPlaygroundTests.swift; sourceTree = "<group>"; };
		471F677325D998100024F40E /* XCTestManifests.swift */ = {isa = PBXFileReference; lastKnownFileType = sourcecode.swift; path = XCTestManifests.swift; sourceTree = "<group>"; };
		471F677425D998100024F40E /* README.md */ = {isa = PBXFileReference; lastKnownFileType = net.daringfireball.markdown; path = README.md; sourceTree = "<group>"; };
		471F677525D998100024F40E /* .gitignore */ = {isa = PBXFileReference; lastKnownFileType = text; path = .gitignore; sourceTree = "<group>"; };
		471F677625D998100024F40E /* Package.swift */ = {isa = PBXFileReference; lastKnownFileType = sourcecode.swift; path = Package.swift; sourceTree = "<group>"; };
		471F677925D998100024F40E /* NSColor+.swift */ = {isa = PBXFileReference; lastKnownFileType = sourcecode.swift; path = "NSColor+.swift"; sourceTree = "<group>"; };
		471F677A25D998100024F40E /* Comparable+.swift */ = {isa = PBXFileReference; lastKnownFileType = sourcecode.swift; path = "Comparable+.swift"; sourceTree = "<group>"; };
		471F677B25D998100024F40E /* String+.swift */ = {isa = PBXFileReference; lastKnownFileType = sourcecode.swift; path = "String+.swift"; sourceTree = "<group>"; };
		471F677C25D998100024F40E /* NSPoint+.swift */ = {isa = PBXFileReference; lastKnownFileType = sourcecode.swift; path = "NSPoint+.swift"; sourceTree = "<group>"; };
		471F677D25D998100024F40E /* NodeMapView.swift */ = {isa = PBXFileReference; lastKnownFileType = sourcecode.swift; path = NodeMapView.swift; sourceTree = "<group>"; };
		471F677E25D998100024F40E /* NodeView.swift */ = {isa = PBXFileReference; lastKnownFileType = sourcecode.swift; path = NodeView.swift; sourceTree = "<group>"; };
		471F677F25D998100024F40E /* GKStateMachine+CustomPlaygroundDisplayConvertible.swift */ = {isa = PBXFileReference; lastKnownFileType = sourcecode.swift; path = "GKStateMachine+CustomPlaygroundDisplayConvertible.swift"; sourceTree = "<group>"; };
		471F678025D998100024F40E /* NSBezierPath+Arrows.swift */ = {isa = PBXFileReference; lastKnownFileType = sourcecode.swift; path = "NSBezierPath+Arrows.swift"; sourceTree = "<group>"; };
		471F678625D998100024F40E /* xcschememanagement.plist */ = {isa = PBXFileReference; lastKnownFileType = text.plist.xml; path = xcschememanagement.plist; sourceTree = "<group>"; };
		471F678925D998100024F40E /* GKPlayground.xcscheme */ = {isa = PBXFileReference; lastKnownFileType = text.xml; path = GKPlayground.xcscheme; sourceTree = "<group>"; };
		471F678A25D9993F0024F40E /* demo.gif */ = {isa = PBXFileReference; lastKnownFileType = image.gif; path = demo.gif; sourceTree = "<group>"; };
/* End PBXFileReference section */

/* Begin PBXGroup section */
		471F676E25D998100024F40E /* GKPlayground */ = {
			isa = PBXGroup;
			children = (
				471F677625D998100024F40E /* Package.swift */,
				471F677425D998100024F40E /* README.md */,
				471F678A25D9993F0024F40E /* demo.gif */,
				471F677725D998100024F40E /* Sources */,
				471F676F25D998100024F40E /* Tests */,
				471F677525D998100024F40E /* .gitignore */,
				471F678125D998100024F40E /* .swiftpm */,
			);
			name = GKPlayground;
			path = "../../../Library/Autosave Information/GKPlayground";
			sourceTree = "<group>";
		};
		471F676F25D998100024F40E /* Tests */ = {
			isa = PBXGroup;
			children = (
				471F677025D998100024F40E /* LinuxMain.swift */,
				471F677125D998100024F40E /* GKPlaygroundTests */,
			);
			path = Tests;
			sourceTree = "<group>";
		};
		471F677125D998100024F40E /* GKPlaygroundTests */ = {
			isa = PBXGroup;
			children = (
				471F677225D998100024F40E /* GKPlaygroundTests.swift */,
				471F677325D998100024F40E /* XCTestManifests.swift */,
			);
			path = GKPlaygroundTests;
			sourceTree = "<group>";
		};
		471F677725D998100024F40E /* Sources */ = {
			isa = PBXGroup;
			children = (
				471F677925D998100024F40E /* NSColor+.swift */,
				471F677A25D998100024F40E /* Comparable+.swift */,
				471F677B25D998100024F40E /* String+.swift */,
				471F677C25D998100024F40E /* NSPoint+.swift */,
				471F677D25D998100024F40E /* NodeMapView.swift */,
				471F677E25D998100024F40E /* NodeView.swift */,
				471F677F25D998100024F40E /* GKStateMachine+CustomPlaygroundDisplayConvertible.swift */,
				471F678025D998100024F40E /* NSBezierPath+Arrows.swift */,
			);
			path = Sources;
			sourceTree = "<group>";
		};
		471F678125D998100024F40E /* .swiftpm */ = {
			isa = PBXGroup;
			children = (
				471F678225D998100024F40E /* xcode */,
			);
			path = .swiftpm;
			sourceTree = "<group>";
		};
		471F678225D998100024F40E /* xcode */ = {
			isa = PBXGroup;
			children = (
				471F678325D998100024F40E /* xcuserdata */,
				471F678725D998100024F40E /* xcshareddata */,
			);
			path = xcode;
			sourceTree = "<group>";
		};
		471F678325D998100024F40E /* xcuserdata */ = {
			isa = PBXGroup;
			children = (
				471F678425D998100024F40E /* duncanoliver.xcuserdatad */,
			);
			path = xcuserdata;
			sourceTree = "<group>";
		};
		471F678425D998100024F40E /* duncanoliver.xcuserdatad */ = {
			isa = PBXGroup;
			children = (
				471F678525D998100024F40E /* xcschemes */,
			);
			path = duncanoliver.xcuserdatad;
			sourceTree = "<group>";
		};
		471F678525D998100024F40E /* xcschemes */ = {
			isa = PBXGroup;
			children = (
				471F678625D998100024F40E /* xcschememanagement.plist */,
			);
			path = xcschemes;
			sourceTree = "<group>";
		};
		471F678725D998100024F40E /* xcshareddata */ = {
			isa = PBXGroup;
			children = (
				471F678825D998100024F40E /* xcschemes */,
			);
			path = xcshareddata;
			sourceTree = "<group>";
		};
		471F678825D998100024F40E /* xcschemes */ = {
			isa = PBXGroup;
			children = (
				471F678925D998100024F40E /* GKPlayground.xcscheme */,
			);
			path = xcschemes;
			sourceTree = "<group>";
		};
		AEB131BA220ABFC700005B8F = {
			isa = PBXGroup;
			children = (
				471F676E25D998100024F40E /* GKPlayground */,
			);
			sourceTree = "<group>";
		};
/* End PBXGroup section */

/* Begin PBXProject section */
		AEB131BB220ABFC700005B8F /* Project object */ = {
			isa = PBXProject;
			attributes = {
				LastSwiftUpdateCheck = 1010;
				LastUpgradeCheck = 1240;
				ORGANIZATIONNAME = Duncan;
			};
			buildConfigurationList = AEB131BE220ABFC700005B8F /* Build configuration list for PBXProject "GKPlayground" */;
			compatibilityVersion = "Xcode 9.3";
			developmentRegion = en;
			hasScannedForEncodings = 0;
			knownRegions = (
				en,
				Base,
			);
			mainGroup = AEB131BA220ABFC700005B8F;
			productRefGroup = AEB131BA220ABFC700005B8F;
			projectDirPath = "";
			projectRoot = "";
			targets = (
			);
		};
/* End PBXProject section */

/* Begin XCBuildConfiguration section */
		AEB131D6220ABFC800005B8F /* Debug */ = {
			isa = XCBuildConfiguration;
			buildSettings = {
				ALWAYS_SEARCH_USER_PATHS = NO;
				CLANG_ANALYZER_NONNULL = YES;
				CLANG_ANALYZER_NUMBER_OBJECT_CONVERSION = YES_AGGRESSIVE;
				CLANG_CXX_LANGUAGE_STANDARD = "gnu++14";
				CLANG_CXX_LIBRARY = "libc++";
				CLANG_ENABLE_MODULES = YES;
				CLANG_ENABLE_OBJC_ARC = YES;
				CLANG_ENABLE_OBJC_WEAK = YES;
				CLANG_WARN_BLOCK_CAPTURE_AUTORELEASING = YES;
				CLANG_WARN_BOOL_CONVERSION = YES;
				CLANG_WARN_COMMA = YES;
				CLANG_WARN_CONSTANT_CONVERSION = YES;
				CLANG_WARN_DEPRECATED_OBJC_IMPLEMENTATIONS = YES;
				CLANG_WARN_DIRECT_OBJC_ISA_USAGE = YES_ERROR;
				CLANG_WARN_DOCUMENTATION_COMMENTS = YES;
				CLANG_WARN_EMPTY_BODY = YES;
				CLANG_WARN_ENUM_CONVERSION = YES;
				CLANG_WARN_INFINITE_RECURSION = YES;
				CLANG_WARN_INT_CONVERSION = YES;
				CLANG_WARN_NON_LITERAL_NULL_CONVERSION = YES;
				CLANG_WARN_OBJC_IMPLICIT_RETAIN_SELF = YES;
				CLANG_WARN_OBJC_LITERAL_CONVERSION = YES;
				CLANG_WARN_OBJC_ROOT_CLASS = YES_ERROR;
				CLANG_WARN_QUOTED_INCLUDE_IN_FRAMEWORK_HEADER = YES;
				CLANG_WARN_RANGE_LOOP_ANALYSIS = YES;
				CLANG_WARN_STRICT_PROTOTYPES = YES;
				CLANG_WARN_SUSPICIOUS_MOVE = YES;
				CLANG_WARN_UNGUARDED_AVAILABILITY = YES_AGGRESSIVE;
				CLANG_WARN_UNREACHABLE_CODE = YES;
				CLANG_WARN__DUPLICATE_METHOD_MATCH = YES;
				CODE_SIGN_IDENTITY = "Mac Developer";
				COPY_PHASE_STRIP = NO;
				CURRENT_PROJECT_VERSION = 1;
				DEBUG_INFORMATION_FORMAT = dwarf;
				ENABLE_STRICT_OBJC_MSGSEND = YES;
				ENABLE_TESTABILITY = YES;
				GCC_C_LANGUAGE_STANDARD = gnu11;
				GCC_DYNAMIC_NO_PIC = NO;
				GCC_NO_COMMON_BLOCKS = YES;
				GCC_OPTIMIZATION_LEVEL = 0;
				GCC_PREPROCESSOR_DEFINITIONS = (
					"DEBUG=1",
					"$(inherited)",
				);
				GCC_WARN_64_TO_32_BIT_CONVERSION = YES;
				GCC_WARN_ABOUT_RETURN_TYPE = YES_ERROR;
				GCC_WARN_UNDECLARED_SELECTOR = YES;
				GCC_WARN_UNINITIALIZED_AUTOS = YES_AGGRESSIVE;
				GCC_WARN_UNUSED_FUNCTION = YES;
				GCC_WARN_UNUSED_VARIABLE = YES;
				MACOSX_DEPLOYMENT_TARGET = 10.14;
				MTL_ENABLE_DEBUG_INFO = INCLUDE_SOURCE;
				MTL_FAST_MATH = YES;
				ONLY_ACTIVE_ARCH = YES;
				SDKROOT = macosx;
				SWIFT_ACTIVE_COMPILATION_CONDITIONS = DEBUG;
				SWIFT_OPTIMIZATION_LEVEL = "-Onone";
				VERSIONING_SYSTEM = "apple-generic";
				VERSION_INFO_PREFIX = "";
			};
			name = Debug;
		};
		AEB131D7220ABFC800005B8F /* Release */ = {
			isa = XCBuildConfiguration;
			buildSettings = {
				ALWAYS_SEARCH_USER_PATHS = NO;
				CLANG_ANALYZER_NONNULL = YES;
				CLANG_ANALYZER_NUMBER_OBJECT_CONVERSION = YES_AGGRESSIVE;
				CLANG_CXX_LANGUAGE_STANDARD = "gnu++14";
				CLANG_CXX_LIBRARY = "libc++";
				CLANG_ENABLE_MODULES = YES;
				CLANG_ENABLE_OBJC_ARC = YES;
				CLANG_ENABLE_OBJC_WEAK = YES;
				CLANG_WARN_BLOCK_CAPTURE_AUTORELEASING = YES;
				CLANG_WARN_BOOL_CONVERSION = YES;
				CLANG_WARN_COMMA = YES;
				CLANG_WARN_CONSTANT_CONVERSION = YES;
				CLANG_WARN_DEPRECATED_OBJC_IMPLEMENTATIONS = YES;
				CLANG_WARN_DIRECT_OBJC_ISA_USAGE = YES_ERROR;
				CLANG_WARN_DOCUMENTATION_COMMENTS = YES;
				CLANG_WARN_EMPTY_BODY = YES;
				CLANG_WARN_ENUM_CONVERSION = YES;
				CLANG_WARN_INFINITE_RECURSION = YES;
				CLANG_WARN_INT_CONVERSION = YES;
				CLANG_WARN_NON_LITERAL_NULL_CONVERSION = YES;
				CLANG_WARN_OBJC_IMPLICIT_RETAIN_SELF = YES;
				CLANG_WARN_OBJC_LITERAL_CONVERSION = YES;
				CLANG_WARN_OBJC_ROOT_CLASS = YES_ERROR;
				CLANG_WARN_QUOTED_INCLUDE_IN_FRAMEWORK_HEADER = YES;
				CLANG_WARN_RANGE_LOOP_ANALYSIS = YES;
				CLANG_WARN_STRICT_PROTOTYPES = YES;
				CLANG_WARN_SUSPICIOUS_MOVE = YES;
				CLANG_WARN_UNGUARDED_AVAILABILITY = YES_AGGRESSIVE;
				CLANG_WARN_UNREACHABLE_CODE = YES;
				CLANG_WARN__DUPLICATE_METHOD_MATCH = YES;
				CODE_SIGN_IDENTITY = "Mac Developer";
				COPY_PHASE_STRIP = NO;
				CURRENT_PROJECT_VERSION = 1;
				DEBUG_INFORMATION_FORMAT = "dwarf-with-dsym";
				ENABLE_NS_ASSERTIONS = NO;
				ENABLE_STRICT_OBJC_MSGSEND = YES;
				GCC_C_LANGUAGE_STANDARD = gnu11;
				GCC_NO_COMMON_BLOCKS = YES;
				GCC_WARN_64_TO_32_BIT_CONVERSION = YES;
				GCC_WARN_ABOUT_RETURN_TYPE = YES_ERROR;
				GCC_WARN_UNDECLARED_SELECTOR = YES;
				GCC_WARN_UNINITIALIZED_AUTOS = YES_AGGRESSIVE;
				GCC_WARN_UNUSED_FUNCTION = YES;
				GCC_WARN_UNUSED_VARIABLE = YES;
				MACOSX_DEPLOYMENT_TARGET = 10.14;
				MTL_ENABLE_DEBUG_INFO = NO;
				MTL_FAST_MATH = YES;
				SDKROOT = macosx;
				SWIFT_COMPILATION_MODE = wholemodule;
				SWIFT_OPTIMIZATION_LEVEL = "-O";
				VERSIONING_SYSTEM = "apple-generic";
				VERSION_INFO_PREFIX = "";
			};
			name = Release;
		};
/* End XCBuildConfiguration section */

/* Begin XCConfigurationList section */
		AEB131BE220ABFC700005B8F /* Build configuration list for PBXProject "GKPlayground" */ = {
			isa = XCConfigurationList;
			buildConfigurations = (
				AEB131D6220ABFC800005B8F /* Debug */,
				AEB131D7220ABFC800005B8F /* Release */,
			);
			defaultConfigurationIsVisible = 0;
			defaultConfigurationName = Release;
		};
/* End XCConfigurationList section */
	};
	rootObject = AEB131BB220ABFC700005B8F /* Project object */;
}
